
Microsoft Visual Studio Solution File, Format Version 12.00
# Visual Studio Version 16
VisualStudioVersion = 16.0.30907.101
MinimumVisualStudioVersion = 10.0.40219.1
Project("{9A19103F-16F7-4668-BE54-9A1E7A4F7556}") = "CookbookAPI", "CookbookAPI\CookbookAPI.csproj", "{303CFA7A-7015-43B6-B35A-0F6A140AC111}"
EndProject
Project("{FAE04EC0-301F-11D3-BF4B-00C04F79EFBC}") = "CookbookAPI.Tests", "CookbookAPI.Tests\CookbookAPI.Tests.csproj", "{2134BBA1-6247-4076-8F43-361CB588779F}"
EndProject
Global
	GlobalSection(SolutionConfigurationPlatforms) = preSolution
		Debug|Any CPU = Debug|Any CPU
		Release|Any CPU = Release|Any CPU
	EndGlobalSection
	GlobalSection(ProjectConfigurationPlatforms) = postSolution
		{303CFA7A-7015-43B6-B35A-0F6A140AC111}.Debug|Any CPU.ActiveCfg = Debug|Any CPU
		{303CFA7A-7015-43B6-B35A-0F6A140AC111}.Debug|Any CPU.Build.0 = Debug|Any CPU
		{303CFA7A-7015-43B6-B35A-0F6A140AC111}.Release|Any CPU.ActiveCfg = Release|Any CPU
		{303CFA7A-7015-43B6-B35A-0F6A140AC111}.Release|Any CPU.Build.0 = Release|Any CPU
		{2134BBA1-6247-4076-8F43-361CB588779F}.Debug|Any CPU.ActiveCfg = Debug|Any CPU
		{2134BBA1-6247-4076-8F43-361CB588779F}.Debug|Any CPU.Build.0 = Debug|Any CPU
		{2134BBA1-6247-4076-8F43-361CB588779F}.Release|Any CPU.ActiveCfg = Release|Any CPU
		{2134BBA1-6247-4076-8F43-361CB588779F}.Release|Any CPU.Build.0 = Release|Any CPU
	EndGlobalSection
	GlobalSection(SolutionProperties) = preSolution
		HideSolutionNode = FALSE
	EndGlobalSection
	GlobalSection(ExtensibilityGlobals) = postSolution
		SolutionGuid = {B3F2D927-40E5-48CC-B521-3A9F8B27EE17}
	EndGlobalSection
EndGlobal
